
Microsoft Visual Studio Solution File, Format Version 12.00
# Visual Studio Version 16
VisualStudioVersion = 16.0.32630.194
MinimumVisualStudioVersion = 10.0.40219.1
Project("{FAE04EC0-301F-11D3-BF4B-00C04F79EFBC}") = "GuildOfHeroes", "GuildOfHeroes\GuildOfHeroes.csproj", "{FEDB3BF8-C2FA-4E5C-98CD-C25DAD88306D}"
EndProject
Project("{FAE04EC0-301F-11D3-BF4B-00C04F79EFBC}") = "ConsoleExtension", "ConsoleExtension\ConsoleExtension.csproj", "{42D35D84-4CC2-4D81-B88E-CB8A7CED1AC3}"
EndProject
Project("{FAE04EC0-301F-11D3-BF4B-00C04F79EFBC}") = "ConsoleExtensionTests", "ConsoleExtensionTests\ConsoleExtensionTests.csproj", "{E24579E6-4B9C-4B03-B325-A75A5A80403E}"
EndProject
Project("{FAE04EC0-301F-11D3-BF4B-00C04F79EFBC}") = "GuildOfHeroesConsoleInterface", "GuildOfHeroesConsoleInterface\GuildOfHeroesConsoleInterface.csproj", "{2FD1A284-A04C-45E5-A44B-D0AF2330B1B8}"
EndProject
Global
	GlobalSection(SolutionConfigurationPlatforms) = preSolution
		Debug|Any CPU = Debug|Any CPU
		Release|Any CPU = Release|Any CPU
	EndGlobalSection
	GlobalSection(ProjectConfigurationPlatforms) = postSolution
		{FEDB3BF8-C2FA-4E5C-98CD-C25DAD88306D}.Debug|Any CPU.ActiveCfg = Debug|Any CPU
		{FEDB3BF8-C2FA-4E5C-98CD-C25DAD88306D}.Debug|Any CPU.Build.0 = Debug|Any CPU
		{FEDB3BF8-C2FA-4E5C-98CD-C25DAD88306D}.Release|Any CPU.ActiveCfg = Release|Any CPU
		{FEDB3BF8-C2FA-4E5C-98CD-C25DAD88306D}.Release|Any CPU.Build.0 = Release|Any CPU
		{42D35D84-4CC2-4D81-B88E-CB8A7CED1AC3}.Debug|Any CPU.ActiveCfg = Debug|Any CPU
		{42D35D84-4CC2-4D81-B88E-CB8A7CED1AC3}.Debug|Any CPU.Build.0 = Debug|Any CPU
		{42D35D84-4CC2-4D81-B88E-CB8A7CED1AC3}.Release|Any CPU.ActiveCfg = Release|Any CPU
		{42D35D84-4CC2-4D81-B88E-CB8A7CED1AC3}.Release|Any CPU.Build.0 = Release|Any CPU
		{E24579E6-4B9C-4B03-B325-A75A5A80403E}.Debug|Any CPU.ActiveCfg = Debug|Any CPU
		{E24579E6-4B9C-4B03-B325-A75A5A80403E}.Debug|Any CPU.Build.0 = Debug|Any CPU
		{E24579E6-4B9C-4B03-B325-A75A5A80403E}.Release|Any CPU.ActiveCfg = Release|Any CPU
		{E24579E6-4B9C-4B03-B325-A75A5A80403E}.Release|Any CPU.Build.0 = Release|Any CPU
		{2FD1A284-A04C-45E5-A44B-D0AF2330B1B8}.Debug|Any CPU.ActiveCfg = Debug|Any CPU
		{2FD1A284-A04C-45E5-A44B-D0AF2330B1B8}.Debug|Any CPU.Build.0 = Debug|Any CPU
		{2FD1A284-A04C-45E5-A44B-D0AF2330B1B8}.Release|Any CPU.ActiveCfg = Release|Any CPU
		{2FD1A284-A04C-45E5-A44B-D0AF2330B1B8}.Release|Any CPU.Build.0 = Release|Any CPU
	EndGlobalSection
	GlobalSection(SolutionProperties) = preSolution
		HideSolutionNode = FALSE
	EndGlobalSection
	GlobalSection(ExtensibilityGlobals) = postSolution
		SolutionGuid = {362D6C59-1811-4DB8-A8B4-627A31486F73}
	EndGlobalSection
EndGlobal
